
Microsoft Visual Studio Solution File, Format Version 12.00
# Visual Studio 15
VisualStudioVersion = 15.0.27703.2026
MinimumVisualStudioVersion = 10.0.40219.1
Project("{9A19103F-16F7-4668-BE54-9A1E7A4F7556}") = "brechtbaekelandt.removeDiactritics", "brechtbaekelandt.removeDiactritics.csproj", "{1185FFC6-2B97-42D6-8526-01E45E2FE7FF}"
EndProject
Global
	GlobalSection(SolutionConfigurationPlatforms) = preSolution
		Debug|Any CPU = Debug|Any CPU
		Release|Any CPU = Release|Any CPU
	EndGlobalSection
	GlobalSection(ProjectConfigurationPlatforms) = postSolution
		{1185FFC6-2B97-42D6-8526-01E45E2FE7FF}.Debug|Any CPU.ActiveCfg = Debug|Any CPU
		{1185FFC6-2B97-42D6-8526-01E45E2FE7FF}.Debug|Any CPU.Build.0 = Debug|Any CPU
		{1185FFC6-2B97-42D6-8526-01E45E2FE7FF}.Release|Any CPU.ActiveCfg = Release|Any CPU
		{1185FFC6-2B97-42D6-8526-01E45E2FE7FF}.Release|Any CPU.Build.0 = Release|Any CPU
	EndGlobalSection
	GlobalSection(SolutionProperties) = preSolution
		HideSolutionNode = FALSE
	EndGlobalSection
	GlobalSection(ExtensibilityGlobals) = postSolution
		SolutionGuid = {7853E781-C972-4675-869A-825EDB50F602}
	EndGlobalSection
EndGlobal
